
Microsoft Visual Studio Solution File, Format Version 12.00
# Visual Studio Version 17
VisualStudioVersion = 17.14.36705.20
MinimumVisualStudioVersion = 10.0.40219.1
Project("{FAE04EC0-301F-11D3-BF4B-00C04F79EFBC}") = "OrderingSystem", "OrderingSystem\OrderingSystem.csproj", "{4E41BA9F-C58E-4EB6-91DF-60340B4829DC}"
EndProject
Global
	GlobalSection(SolutionConfigurationPlatforms) = preSolution
		Debug|Any CPU = Debug|Any CPU
		Release|Any CPU = Release|Any CPU
	EndGlobalSection
	GlobalSection(ProjectConfigurationPlatforms) = postSolution
		{4E41BA9F-C58E-4EB6-91DF-60340B4829DC}.Debug|Any CPU.ActiveCfg = Debug|Any CPU
		{4E41BA9F-C58E-4EB6-91DF-60340B4829DC}.Debug|Any CPU.Build.0 = Debug|Any CPU
		{4E41BA9F-C58E-4EB6-91DF-60340B4829DC}.Release|Any CPU.ActiveCfg = Release|Any CPU
		{4E41BA9F-C58E-4EB6-91DF-60340B4829DC}.Release|Any CPU.Build.0 = Release|Any CPU
	EndGlobalSection
	GlobalSection(SolutionProperties) = preSolution
		HideSolutionNode = FALSE
	EndGlobalSection
	GlobalSection(ExtensibilityGlobals) = postSolution
		SolutionGuid = {9661898F-DD22-493D-90AD-984EFB32A920}
	EndGlobalSection
EndGlobal
